
Microsoft Visual Studio Solution File, Format Version 12.00
# Visual Studio Version 16
VisualStudioVersion = 16.0.28803.202
MinimumVisualStudioVersion = 10.0.40219.1
Project("{FAE04EC0-301F-11D3-BF4B-00C04F79EFBC}") = "AngularWebsite", "AngularWebsite\AngularWebsite.csproj", "{AEAFF0D5-73EE-4729-BC73-984562CA3B71}"
EndProject
Global
	GlobalSection(SolutionConfigurationPlatforms) = preSolution
		Debug|Any CPU = Debug|Any CPU
		Release|Any CPU = Release|Any CPU
	EndGlobalSection
	GlobalSection(ProjectConfigurationPlatforms) = postSolution
		{AEAFF0D5-73EE-4729-BC73-984562CA3B71}.Debug|Any CPU.ActiveCfg = Debug|Any CPU
		{AEAFF0D5-73EE-4729-BC73-984562CA3B71}.Debug|Any CPU.Build.0 = Debug|Any CPU
		{AEAFF0D5-73EE-4729-BC73-984562CA3B71}.Release|Any CPU.ActiveCfg = Release|Any CPU
		{AEAFF0D5-73EE-4729-BC73-984562CA3B71}.Release|Any CPU.Build.0 = Release|Any CPU
	EndGlobalSection
	GlobalSection(SolutionProperties) = preSolution
		HideSolutionNode = FALSE
	EndGlobalSection
	GlobalSection(ExtensibilityGlobals) = postSolution
		SolutionGuid = {FA0107E5-2FD8-49CD-AAB4-9BBA1CDDFE29}
	EndGlobalSection
EndGlobal
